<?xml version="1.0" encoding="utf-8"?>
<Project ToolsVersion="4.0" xmlns="http://schemas.microsoft.com/developer/msbuild/2003">
  <ItemGroup>
    <Filter Include="Header Files">
      <UniqueIdentifier>{93995380-89BD-4b04-88EB-625FBE52EBFB}</UniqueIdentifier>
      <Extensions>h;hh;hpp;hxx;h++;hm;inl;inc;ipp;xsd</Extensions>
    </Filter>
    <Filter Include="Resource Files">
      <UniqueIdentifier>{67DA6AB6-F800-4c08-8B7A-83BB121AAD01}</UniqueIdentifier>
      <Extensions>rc;ico;cur;bmp;dlg;rc2;rct;bin;rgs;gif;jpg;jpeg;jpe;resx;tiff;tif;png;wav;mfcribbon-ms</Extensions>
    </Filter>
    <Filter Include="Engine Files">
      <UniqueIdentifier>{4FC737F1-C7A5-4376-A066-2A32D752A2FF}</UniqueIdentifier>
      <Extensions>cpp;c;cc;cxx;c++;cppm;ixx;def;odl;idl;hpj;bat;asm;asmx</Extensions>
    </Filter>
    <Filter Include="Engine Files\Varia">
      <UniqueIdentifier>{3078dcdc-4093-4dc3-9da5-e65465120b09}</UniqueIdentifier>
    </Filter>
    <Filter Include="Resource Files\Icons">
      <UniqueIdentifier>{ae32878f-e81e-4f77-a373-a5453f2d9772}</UniqueIdentifier>
    </Filter>
    <Filter Include="Resource Files\Shaders">
      <UniqueIdentifier>{33e7751b-1438-4e7a-a9d4-8fb2c8b2d066}</UniqueIdentifier>
    </Filter>
    <Filter Include="Engine Files\Helpers">
      <UniqueIdentifier>{9d852d16-f051-483a-8472-1f6f87fbb6a9}</UniqueIdentifier>
    </Filter>
  </ItemGroup>
  <ItemGroup>
    <ClInclude Include="Engine.h">
      <Filter>Engine Files</Filter>
    </ClInclude>
    <ClInclude Include="Renderer.h">
      <Filter>Engine Files</Filter>
    </ClInclude>
    <ClInclude Include="framework.h">
      <Filter>Engine Files\Varia</Filter>
    </ClInclude>
    <ClInclude Include="targetver.h">
      <Filter>Engine Files\Varia</Filter>
    </ClInclude>
    <ClInclude Include="Resource.h">
      <Filter>Engine Files\Varia</Filter>
    </ClInclude>
    <ClInclude Include="InputManager.h">
      <Filter>Engine Files</Filter>
    </ClInclude>
    <ClInclude Include="Utils.h">
      <Filter>Engine Files\Helpers</Filter>
    </ClInclude>
    <ClInclude Include="Logger.h">
      <Filter>Engine Files\Helpers</Filter>
    </ClInclude>
    <ClInclude Include="Singleton.h">
      <Filter>Engine Files\Helpers</Filter>
    </ClInclude>
  </ItemGroup>
  <ItemGroup>
    <ClCompile Include="Engine.cpp">
      <Filter>Engine Files</Filter>
    </ClCompile>
    <ClCompile Include="Renderer.cpp">
      <Filter>Engine Files</Filter>
    </ClCompile>
    <ClCompile Include="InputManager.cpp">
      <Filter>Engine Files</Filter>
    </ClCompile>
    <ClCompile Include="Logger.cpp">
      <Filter>Engine Files\Helpers</Filter>
    </ClCompile>
  </ItemGroup>
  <ItemGroup>
    <Image Include="Graphics_Engine.ico">
      <Filter>Resource Files\Icons</Filter>
    </Image>
    <Image Include="small.ico">
      <Filter>Resource Files\Icons</Filter>
    </Image>
  </ItemGroup>
  <ItemGroup>
    <ResourceCompile Include="Graphics_Engine.rc">
      <Filter>Resource Files\Icons</Filter>
    </ResourceCompile>
  </ItemGroup>
  <ItemGroup>
    <FxCompile Include="Resources\Shaders\Base_VS.hlsl">
      <Filter>Resource Files\Shaders</Filter>
    </FxCompile>
    <FxCompile Include="Resources\Shaders\Color_PS.hlsl">
      <Filter>Resource Files\Shaders</Filter>
    </FxCompile>
  </ItemGroup>
</Project>